{
  "requires": true,
  "lockfileVersion": 1,
  "dependencies": {
    "vuejs-dialog": {
      "version": "1.4.0",
      "resolved": "https://registry.npmjs.org/vuejs-dialog/-/vuejs-dialog-1.4.0.tgz",
      "integrity": "sha512-zO9zr70rf+110wtNCb3WDmMLZwiEouMvUJ429np+/SC3s7QIJcEpHEcSpHh8aon2FBVUtm8rfHQdzk3Rk7C1Hw=="
    }
  }
}
